{
  "object": {
    "pins": [
      {
        "package": "MultiplicativeArithmetic",
        "repositoryURL": "https://github.com/RougeWare/Swift-MultiplicativeArithmetic.git",
        "state": {
          "branch": null,
          "revision": "38eee08151bbbefbbb422d02ff2c8da1a8b8bfe1",
          "version": "1.3.0"
        }
      }
    ]
  },
  "version": 1
}
